
Microsoft Visual Studio Solution File, Format Version 11.00
# Visual Studio 2010
Project("{FAE04EC0-301F-11D3-BF4B-00C04F79EFBC}") = "PdfTools", "PdfTools\PdfTools.csproj", "{5B21516B-2EB9-4891-8C26-E53F5E09A67F}"
	ProjectSection(ProjectDependencies) = postProject
		{23132A31-01D8-4A16-AF7A-55F43172249A} = {23132A31-01D8-4A16-AF7A-55F43172249A}
	EndProjectSection
EndProject
Project("{FAE04EC0-301F-11D3-BF4B-00C04F79EFBC}") = "Template", "ClassTemplate\Template.csproj", "{23132A31-01D8-4A16-AF7A-55F43172249A}"
	ProjectSection(ProjectDependencies) = postProject
		{48D15025-28C1-4B88-830F-17906183775F} = {48D15025-28C1-4B88-830F-17906183775F}
		{BCDAAA66-6400-48EF-B683-353C98E0F873} = {BCDAAA66-6400-48EF-B683-353C98E0F873}
	EndProjectSection
EndProject
Project("{FAE04EC0-301F-11D3-BF4B-00C04F79EFBC}") = "Common", "Common\Common.csproj", "{48D15025-28C1-4B88-830F-17906183775F}"
EndProject
Project("{FAE04EC0-301F-11D3-BF4B-00C04F79EFBC}") = "ImageUtils", "ImageUtils\ImageUtils.csproj", "{BCDAAA66-6400-48EF-B683-353C98E0F873}"
EndProject
Project("{FAE04EC0-301F-11D3-BF4B-00C04F79EFBC}") = "Database", "Database\Database.csproj", "{603249B9-EB89-4271-BE3E-253A0E361E78}"
EndProject
Global
	GlobalSection(SolutionConfigurationPlatforms) = preSolution
		Debug|Any CPU = Debug|Any CPU
		Debug|Mixed Platforms = Debug|Mixed Platforms
		Debug|x86 = Debug|x86
		Release|Any CPU = Release|Any CPU
		Release|Mixed Platforms = Release|Mixed Platforms
		Release|x86 = Release|x86
	EndGlobalSection
	GlobalSection(ProjectConfigurationPlatforms) = postSolution
		{5B21516B-2EB9-4891-8C26-E53F5E09A67F}.Debug|Any CPU.ActiveCfg = Debug|x86
		{5B21516B-2EB9-4891-8C26-E53F5E09A67F}.Debug|Mixed Platforms.ActiveCfg = Debug|x86
		{5B21516B-2EB9-4891-8C26-E53F5E09A67F}.Debug|Mixed Platforms.Build.0 = Debug|x86
		{5B21516B-2EB9-4891-8C26-E53F5E09A67F}.Debug|x86.ActiveCfg = Debug|x86
		{5B21516B-2EB9-4891-8C26-E53F5E09A67F}.Debug|x86.Build.0 = Debug|x86
		{5B21516B-2EB9-4891-8C26-E53F5E09A67F}.Release|Any CPU.ActiveCfg = Release|x86
		{5B21516B-2EB9-4891-8C26-E53F5E09A67F}.Release|Mixed Platforms.ActiveCfg = Release|x86
		{5B21516B-2EB9-4891-8C26-E53F5E09A67F}.Release|Mixed Platforms.Build.0 = Release|x86
		{5B21516B-2EB9-4891-8C26-E53F5E09A67F}.Release|x86.ActiveCfg = Release|x86
		{5B21516B-2EB9-4891-8C26-E53F5E09A67F}.Release|x86.Build.0 = Release|x86
		{23132A31-01D8-4A16-AF7A-55F43172249A}.Debug|Any CPU.ActiveCfg = Debug|Any CPU
		{23132A31-01D8-4A16-AF7A-55F43172249A}.Debug|Any CPU.Build.0 = Debug|Any CPU
		{23132A31-01D8-4A16-AF7A-55F43172249A}.Debug|Mixed Platforms.ActiveCfg = Debug|Any CPU
		{23132A31-01D8-4A16-AF7A-55F43172249A}.Debug|Mixed Platforms.Build.0 = Debug|Any CPU
		{23132A31-01D8-4A16-AF7A-55F43172249A}.Debug|x86.ActiveCfg = Debug|Any CPU
		{23132A31-01D8-4A16-AF7A-55F43172249A}.Release|Any CPU.ActiveCfg = Release|Any CPU
		{23132A31-01D8-4A16-AF7A-55F43172249A}.Release|Any CPU.Build.0 = Release|Any CPU
		{23132A31-01D8-4A16-AF7A-55F43172249A}.Release|Mixed Platforms.ActiveCfg = Release|Any CPU
		{23132A31-01D8-4A16-AF7A-55F43172249A}.Release|Mixed Platforms.Build.0 = Release|Any CPU
		{23132A31-01D8-4A16-AF7A-55F43172249A}.Release|x86.ActiveCfg = Release|Any CPU
		{48D15025-28C1-4B88-830F-17906183775F}.Debug|Any CPU.ActiveCfg = Debug|Any CPU
		{48D15025-28C1-4B88-830F-17906183775F}.Debug|Any CPU.Build.0 = Debug|Any CPU
		{48D15025-28C1-4B88-830F-17906183775F}.Debug|Mixed Platforms.ActiveCfg = Debug|Any CPU
		{48D15025-28C1-4B88-830F-17906183775F}.Debug|Mixed Platforms.Build.0 = Debug|Any CPU
		{48D15025-28C1-4B88-830F-17906183775F}.Debug|x86.ActiveCfg = Debug|Any CPU
		{48D15025-28C1-4B88-830F-17906183775F}.Release|Any CPU.ActiveCfg = Release|Any CPU
		{48D15025-28C1-4B88-830F-17906183775F}.Release|Any CPU.Build.0 = Release|Any CPU
		{48D15025-28C1-4B88-830F-17906183775F}.Release|Mixed Platforms.ActiveCfg = Release|Any CPU
		{48D15025-28C1-4B88-830F-17906183775F}.Release|Mixed Platforms.Build.0 = Release|Any CPU
		{48D15025-28C1-4B88-830F-17906183775F}.Release|x86.ActiveCfg = Release|Any CPU
		{BCDAAA66-6400-48EF-B683-353C98E0F873}.Debug|Any CPU.ActiveCfg = Debug|Any CPU
		{BCDAAA66-6400-48EF-B683-353C98E0F873}.Debug|Any CPU.Build.0 = Debug|Any CPU
		{BCDAAA66-6400-48EF-B683-353C98E0F873}.Debug|Mixed Platforms.ActiveCfg = Debug|Any CPU
		{BCDAAA66-6400-48EF-B683-353C98E0F873}.Debug|Mixed Platforms.Build.0 = Debug|Any CPU
		{BCDAAA66-6400-48EF-B683-353C98E0F873}.Debug|x86.ActiveCfg = Debug|Any CPU
		{BCDAAA66-6400-48EF-B683-353C98E0F873}.Release|Any CPU.ActiveCfg = Release|Any CPU
		{BCDAAA66-6400-48EF-B683-353C98E0F873}.Release|Any CPU.Build.0 = Release|Any CPU
		{BCDAAA66-6400-48EF-B683-353C98E0F873}.Release|Mixed Platforms.ActiveCfg = Release|Any CPU
		{BCDAAA66-6400-48EF-B683-353C98E0F873}.Release|Mixed Platforms.Build.0 = Release|Any CPU
		{BCDAAA66-6400-48EF-B683-353C98E0F873}.Release|x86.ActiveCfg = Release|Any CPU
		{603249B9-EB89-4271-BE3E-253A0E361E78}.Debug|Any CPU.ActiveCfg = Debug|Any CPU
		{603249B9-EB89-4271-BE3E-253A0E361E78}.Debug|Any CPU.Build.0 = Debug|Any CPU
		{603249B9-EB89-4271-BE3E-253A0E361E78}.Debug|Mixed Platforms.ActiveCfg = Debug|Any CPU
		{603249B9-EB89-4271-BE3E-253A0E361E78}.Debug|Mixed Platforms.Build.0 = Debug|Any CPU
		{603249B9-EB89-4271-BE3E-253A0E361E78}.Debug|x86.ActiveCfg = Debug|Any CPU
		{603249B9-EB89-4271-BE3E-253A0E361E78}.Release|Any CPU.ActiveCfg = Release|Any CPU
		{603249B9-EB89-4271-BE3E-253A0E361E78}.Release|Any CPU.Build.0 = Release|Any CPU
		{603249B9-EB89-4271-BE3E-253A0E361E78}.Release|Mixed Platforms.ActiveCfg = Release|Any CPU
		{603249B9-EB89-4271-BE3E-253A0E361E78}.Release|Mixed Platforms.Build.0 = Release|Any CPU
		{603249B9-EB89-4271-BE3E-253A0E361E78}.Release|x86.ActiveCfg = Release|Any CPU
	EndGlobalSection
	GlobalSection(SolutionProperties) = preSolution
		HideSolutionNode = FALSE
	EndGlobalSection
EndGlobal
